
Microsoft Visual Studio Solution File, Format Version 12.00
# Visual Studio Version 17
VisualStudioVersion = 17.13.35617.110 d17.13
MinimumVisualStudioVersion = 10.0.40219.1
Project("{FAE04EC0-301F-11D3-BF4B-00C04F79EFBC}") = "BlazorWasmApp1", "BlazorWasmApp1.csproj", "{34C60B05-770D-4CD0-A558-BFA66609A5BC}"
EndProject
Global
	GlobalSection(SolutionConfigurationPlatforms) = preSolution
		Debug|Any CPU = Debug|Any CPU
		Release|Any CPU = Release|Any CPU
	EndGlobalSection
	GlobalSection(ProjectConfigurationPlatforms) = postSolution
		{34C60B05-770D-4CD0-A558-BFA66609A5BC}.Debug|Any CPU.ActiveCfg = Debug|Any CPU
		{34C60B05-770D-4CD0-A558-BFA66609A5BC}.Debug|Any CPU.Build.0 = Debug|Any CPU
		{34C60B05-770D-4CD0-A558-BFA66609A5BC}.Release|Any CPU.ActiveCfg = Release|Any CPU
		{34C60B05-770D-4CD0-A558-BFA66609A5BC}.Release|Any CPU.Build.0 = Release|Any CPU
	EndGlobalSection
	GlobalSection(SolutionProperties) = preSolution
		HideSolutionNode = FALSE
	EndGlobalSection
	GlobalSection(ExtensibilityGlobals) = postSolution
		SolutionGuid = {D533F9DC-570F-4AA2-90F5-E408CDA438F7}
	EndGlobalSection
EndGlobal
